
Microsoft Visual Studio Solution File, Format Version 12.00
# Visual Studio Version 17
VisualStudioVersion = 17.5.2.0
MinimumVisualStudioVersion = 10.0.40219.1
Project("{FAE04EC0-301F-11D3-BF4B-00C04F79EFBC}") = "SharpTS", "SharpTS.csproj", "{022E66EB-6766-99AA-FEE8-14376174C3F8}"
EndProject
Project("{FAE04EC0-301F-11D3-BF4B-00C04F79EFBC}") = "SharpTS.Tests", "SharpTS.Tests\SharpTS.Tests.csproj", "{C4629421-778B-4DB5-920F-347596AF0BEC}"
EndProject
Global
	GlobalSection(SolutionConfigurationPlatforms) = preSolution
		Debug|Any CPU = Debug|Any CPU
		Debug|x64 = Debug|x64
		Debug|x86 = Debug|x86
		Release|Any CPU = Release|Any CPU
		Release|x64 = Release|x64
		Release|x86 = Release|x86
	EndGlobalSection
	GlobalSection(ProjectConfigurationPlatforms) = postSolution
		{022E66EB-6766-99AA-FEE8-14376174C3F8}.Debug|Any CPU.ActiveCfg = Debug|Any CPU
		{022E66EB-6766-99AA-FEE8-14376174C3F8}.Debug|Any CPU.Build.0 = Debug|Any CPU
		{022E66EB-6766-99AA-FEE8-14376174C3F8}.Debug|x64.ActiveCfg = Debug|Any CPU
		{022E66EB-6766-99AA-FEE8-14376174C3F8}.Debug|x64.Build.0 = Debug|Any CPU
		{022E66EB-6766-99AA-FEE8-14376174C3F8}.Debug|x86.ActiveCfg = Debug|Any CPU
		{022E66EB-6766-99AA-FEE8-14376174C3F8}.Debug|x86.Build.0 = Debug|Any CPU
		{022E66EB-6766-99AA-FEE8-14376174C3F8}.Release|Any CPU.ActiveCfg = Release|Any CPU
		{022E66EB-6766-99AA-FEE8-14376174C3F8}.Release|Any CPU.Build.0 = Release|Any CPU
		{022E66EB-6766-99AA-FEE8-14376174C3F8}.Release|x64.ActiveCfg = Release|Any CPU
		{022E66EB-6766-99AA-FEE8-14376174C3F8}.Release|x64.Build.0 = Release|Any CPU
		{022E66EB-6766-99AA-FEE8-14376174C3F8}.Release|x86.ActiveCfg = Release|Any CPU
		{022E66EB-6766-99AA-FEE8-14376174C3F8}.Release|x86.Build.0 = Release|Any CPU
		{C4629421-778B-4DB5-920F-347596AF0BEC}.Debug|Any CPU.ActiveCfg = Debug|Any CPU
		{C4629421-778B-4DB5-920F-347596AF0BEC}.Debug|Any CPU.Build.0 = Debug|Any CPU
		{C4629421-778B-4DB5-920F-347596AF0BEC}.Debug|x64.ActiveCfg = Debug|Any CPU
		{C4629421-778B-4DB5-920F-347596AF0BEC}.Debug|x64.Build.0 = Debug|Any CPU
		{C4629421-778B-4DB5-920F-347596AF0BEC}.Debug|x86.ActiveCfg = Debug|Any CPU
		{C4629421-778B-4DB5-920F-347596AF0BEC}.Debug|x86.Build.0 = Debug|Any CPU
		{C4629421-778B-4DB5-920F-347596AF0BEC}.Release|Any CPU.ActiveCfg = Release|Any CPU
		{C4629421-778B-4DB5-920F-347596AF0BEC}.Release|Any CPU.Build.0 = Release|Any CPU
		{C4629421-778B-4DB5-920F-347596AF0BEC}.Release|x64.ActiveCfg = Release|Any CPU
		{C4629421-778B-4DB5-920F-347596AF0BEC}.Release|x64.Build.0 = Release|Any CPU
		{C4629421-778B-4DB5-920F-347596AF0BEC}.Release|x86.ActiveCfg = Release|Any CPU
		{C4629421-778B-4DB5-920F-347596AF0BEC}.Release|x86.Build.0 = Release|Any CPU
	EndGlobalSection
	GlobalSection(SolutionProperties) = preSolution
		HideSolutionNode = FALSE
	EndGlobalSection
	GlobalSection(ExtensibilityGlobals) = postSolution
		SolutionGuid = {E1AC9D5B-73E6-42C6-B97C-2CB826ACF2C6}
	EndGlobalSection
EndGlobal
