
Microsoft Visual Studio Solution File, Format Version 12.00
# Visual Studio Version 18
VisualStudioVersion = 18.3.11312.210
MinimumVisualStudioVersion = 10.0.40219.1
Project("{2150E333-8FDC-42A3-9474-1A3956D46DE8}") = "Core", "Core", "{FBF56CC3-7AE6-AD2D-3F14-7F97FD322CD6}"
EndProject
Project("{FAE04EC0-301F-11D3-BF4B-00C04F79EFBC}") = "SharpTS", "src\SharpTS\SharpTS.csproj", "{85548BC9-E85E-4166-BFEA-6FCA4E459A2A}"
EndProject
Project("{FAE04EC0-301F-11D3-BF4B-00C04F79EFBC}") = "SharpTS.LanguageServer", "src\SharpTS.LanguageServer\SharpTS.LanguageServer.csproj", "{3EFE2394-DF35-47CC-B75C-EC17D03DD298}"
EndProject
Project("{FAE04EC0-301F-11D3-BF4B-00C04F79EFBC}") = "SharpTS.DebugAdapter", "src\SharpTS.DebugAdapter\SharpTS.DebugAdapter.csproj", "{C5C37AB9-D18E-48F3-BDE4-6E2B527B067D}"
EndProject
Project("{2150E333-8FDC-42A3-9474-1A3956D46DE8}") = "Hosting", "Hosting", "{916B61B3-312D-841D-1457-818AC0DB32BA}"
EndProject
Project("{FAE04EC0-301F-11D3-BF4B-00C04F79EFBC}") = "SharpTS.Hosting", "src\SharpTS.Hosting\SharpTS.Hosting.csproj", "{11B80CBC-18FF-4D4E-B8E4-67127AE08B66}"
EndProject
Project("{2150E333-8FDC-42A3-9474-1A3956D46DE8}") = "GUI", "GUI", "{9824AA2D-9169-1FBC-8A83-7227C72EA239}"
EndProject
Project("{FAE04EC0-301F-11D3-BF4B-00C04F79EFBC}") = "SharpTS.Gui", "src\SharpTS.Gui\SharpTS.Gui.csproj", "{E7DD3A9A-54DB-4FAF-9100-E375C5A931ED}"
EndProject
Project("{FAE04EC0-301F-11D3-BF4B-00C04F79EFBC}") = "SharpTS.Gui.Generator", "src\SharpTS.Gui.Generator\SharpTS.Gui.Generator.csproj", "{74318794-78E2-4897-83CF-6921B1DDAF18}"
EndProject
Project("{FAE04EC0-301F-11D3-BF4B-00C04F79EFBC}") = "SharpTS.Gui.Host", "src\SharpTS.Gui.Host\SharpTS.Gui.Host.csproj", "{9B76E9E1-4A80-4C1F-8DA6-F0B7175695AE}"
EndProject
Project("{FAE04EC0-301F-11D3-BF4B-00C04F79EFBC}") = "SharpTS.Gui.Sdk", "src\SharpTS.Gui.Sdk\SharpTS.Gui.Sdk.csproj", "{9F3B7902-1F6A-4CB7-9375-896C408DDBF5}"
EndProject
Project("{2150E333-8FDC-42A3-9474-1A3956D46DE8}") = "SDK", "SDK", "{FF13A09E-0E72-1904-124B-A4E979EF28D3}"
EndProject
Project("{FAE04EC0-301F-11D3-BF4B-00C04F79EFBC}") = "SharpTS.Sdk", "src\SharpTS.Sdk\SharpTS.Sdk.csproj", "{1F92ED2C-06EF-4D59-86EA-FCBE5673E52A}"
EndProject
Project("{FAE04EC0-301F-11D3-BF4B-00C04F79EFBC}") = "SharpTS.Sdk.Tasks", "src\SharpTS.Sdk.Tasks\SharpTS.Sdk.Tasks.csproj", "{762A5E61-149D-4850-8008-F7EAC15DDD55}"
EndProject
Project("{2150E333-8FDC-42A3-9474-1A3956D46DE8}") = "Tests", "Tests", "{0AB3BF05-4346-4AA6-1389-037BE0695223}"
EndProject
Project("{FAE04EC0-301F-11D3-BF4B-00C04F79EFBC}") = "SharpTS.Tests", "tests\SharpTS.Tests\SharpTS.Tests.csproj", "{69B244F5-0015-45A5-B45E-5E7CBB39E56B}"
EndProject
Project("{FAE04EC0-301F-11D3-BF4B-00C04F79EFBC}") = "SharpTS.Gui.Conformance.Tests", "tests\gui-conformance\SharpTS.Gui.Conformance.Tests\SharpTS.Gui.Conformance.Tests.csproj", "{39183D3F-FC6B-4878-BF1A-47F6A91EF414}"
EndProject
Project("{FAE04EC0-301F-11D3-BF4B-00C04F79EFBC}") = "SharpTS.Gui.ConformanceSupport", "tests\gui-conformance\SharpTS.Gui.ConformanceSupport\SharpTS.Gui.ConformanceSupport.csproj", "{B1277F4F-C8CE-4181-B408-068B9C7B74BC}"
EndProject
Project("{FAE04EC0-301F-11D3-BF4B-00C04F79EFBC}") = "SharpTS.Gui.ConformanceHost", "tests\gui-conformance\SharpTS.Gui.ConformanceHost\SharpTS.Gui.ConformanceHost.csproj", "{A5408948-BF20-4860-A6C6-DD39CAA053FF}"
EndProject
Project("{2150E333-8FDC-42A3-9474-1A3956D46DE8}") = "Benchmarks", "Benchmarks", "{66320409-64EC-F7C5-3DEF-65E7510DAAD1}"
EndProject
Project("{FAE04EC0-301F-11D3-BF4B-00C04F79EFBC}") = "SharpTS.Microbenchmarks", "benchmarks\micro\SharpTS.Microbenchmarks\SharpTS.Microbenchmarks.csproj", "{EB59F23F-B673-44B4-986F-E4611893C0CA}"
EndProject
Project("{FAE04EC0-301F-11D3-BF4B-00C04F79EFBC}") = "SharpTS.Gui.Benchmarks", "benchmarks\micro\SharpTS.Gui.Benchmarks\SharpTS.Gui.Benchmarks.csproj", "{BD40CA0A-097E-4F9E-A889-009ED9DB802E}"
EndProject
Project("{2150E333-8FDC-42A3-9474-1A3956D46DE8}") = "Samples", "Samples", "{5D20AA90-6969-D8BD-9DCD-8634F4692FDA}"
EndProject
Project("{FAE04EC0-301F-11D3-BF4B-00C04F79EFBC}") = "SharpTS.Example.Interop", "samples\Interop\SharpTS.Example.Interop.csproj", "{5C10D875-8106-4415-9EAA-C908202A853F}"
EndProject
Project("{FAE04EC0-301F-11D3-BF4B-00C04F79EFBC}") = "SharpTS.Hosting.Abstractions", "src\SharpTS.Hosting.Abstractions\SharpTS.Hosting.Abstractions.csproj", "{60BF83DB-E00D-43A5-8A6F-4A0BDAD1F24D}"
EndProject
Global
	GlobalSection(SolutionConfigurationPlatforms) = preSolution
		Debug|Any CPU = Debug|Any CPU
		Debug|x64 = Debug|x64
		Debug|x86 = Debug|x86
		Release|Any CPU = Release|Any CPU
		Release|x64 = Release|x64
		Release|x86 = Release|x86
	EndGlobalSection
	GlobalSection(ProjectConfigurationPlatforms) = postSolution
		{85548BC9-E85E-4166-BFEA-6FCA4E459A2A}.Debug|Any CPU.ActiveCfg = Debug|Any CPU
		{85548BC9-E85E-4166-BFEA-6FCA4E459A2A}.Debug|Any CPU.Build.0 = Debug|Any CPU
		{85548BC9-E85E-4166-BFEA-6FCA4E459A2A}.Debug|x64.ActiveCfg = Debug|Any CPU
		{85548BC9-E85E-4166-BFEA-6FCA4E459A2A}.Debug|x64.Build.0 = Debug|Any CPU
		{85548BC9-E85E-4166-BFEA-6FCA4E459A2A}.Debug|x86.ActiveCfg = Debug|Any CPU
		{85548BC9-E85E-4166-BFEA-6FCA4E459A2A}.Debug|x86.Build.0 = Debug|Any CPU
		{85548BC9-E85E-4166-BFEA-6FCA4E459A2A}.Release|Any CPU.ActiveCfg = Release|Any CPU
		{85548BC9-E85E-4166-BFEA-6FCA4E459A2A}.Release|Any CPU.Build.0 = Release|Any CPU
		{85548BC9-E85E-4166-BFEA-6FCA4E459A2A}.Release|x64.ActiveCfg = Release|Any CPU
		{85548BC9-E85E-4166-BFEA-6FCA4E459A2A}.Release|x64.Build.0 = Release|Any CPU
		{85548BC9-E85E-4166-BFEA-6FCA4E459A2A}.Release|x86.ActiveCfg = Release|Any CPU
		{85548BC9-E85E-4166-BFEA-6FCA4E459A2A}.Release|x86.Build.0 = Release|Any CPU
		{3EFE2394-DF35-47CC-B75C-EC17D03DD298}.Debug|Any CPU.ActiveCfg = Debug|Any CPU
		{3EFE2394-DF35-47CC-B75C-EC17D03DD298}.Debug|Any CPU.Build.0 = Debug|Any CPU
		{3EFE2394-DF35-47CC-B75C-EC17D03DD298}.Debug|x64.ActiveCfg = Debug|Any CPU
		{3EFE2394-DF35-47CC-B75C-EC17D03DD298}.Debug|x64.Build.0 = Debug|Any CPU
		{3EFE2394-DF35-47CC-B75C-EC17D03DD298}.Debug|x86.ActiveCfg = Debug|Any CPU
		{3EFE2394-DF35-47CC-B75C-EC17D03DD298}.Debug|x86.Build.0 = Debug|Any CPU
		{3EFE2394-DF35-47CC-B75C-EC17D03DD298}.Release|Any CPU.ActiveCfg = Release|Any CPU
		{3EFE2394-DF35-47CC-B75C-EC17D03DD298}.Release|Any CPU.Build.0 = Release|Any CPU
		{3EFE2394-DF35-47CC-B75C-EC17D03DD298}.Release|x64.ActiveCfg = Release|Any CPU
		{3EFE2394-DF35-47CC-B75C-EC17D03DD298}.Release|x64.Build.0 = Release|Any CPU
		{3EFE2394-DF35-47CC-B75C-EC17D03DD298}.Release|x86.ActiveCfg = Release|Any CPU
		{3EFE2394-DF35-47CC-B75C-EC17D03DD298}.Release|x86.Build.0 = Release|Any CPU
		{C5C37AB9-D18E-48F3-BDE4-6E2B527B067D}.Debug|Any CPU.ActiveCfg = Debug|Any CPU
		{C5C37AB9-D18E-48F3-BDE4-6E2B527B067D}.Debug|Any CPU.Build.0 = Debug|Any CPU
		{C5C37AB9-D18E-48F3-BDE4-6E2B527B067D}.Debug|x64.ActiveCfg = Debug|Any CPU
		{C5C37AB9-D18E-48F3-BDE4-6E2B527B067D}.Debug|x64.Build.0 = Debug|Any CPU
		{C5C37AB9-D18E-48F3-BDE4-6E2B527B067D}.Debug|x86.ActiveCfg = Debug|Any CPU
		{C5C37AB9-D18E-48F3-BDE4-6E2B527B067D}.Debug|x86.Build.0 = Debug|Any CPU
		{C5C37AB9-D18E-48F3-BDE4-6E2B527B067D}.Release|Any CPU.ActiveCfg = Release|Any CPU
		{C5C37AB9-D18E-48F3-BDE4-6E2B527B067D}.Release|Any CPU.Build.0 = Release|Any CPU
		{C5C37AB9-D18E-48F3-BDE4-6E2B527B067D}.Release|x64.ActiveCfg = Release|Any CPU
		{C5C37AB9-D18E-48F3-BDE4-6E2B527B067D}.Release|x64.Build.0 = Release|Any CPU
		{C5C37AB9-D18E-48F3-BDE4-6E2B527B067D}.Release|x86.ActiveCfg = Release|Any CPU
		{C5C37AB9-D18E-48F3-BDE4-6E2B527B067D}.Release|x86.Build.0 = Release|Any CPU
		{11B80CBC-18FF-4D4E-B8E4-67127AE08B66}.Debug|Any CPU.ActiveCfg = Debug|Any CPU
		{11B80CBC-18FF-4D4E-B8E4-67127AE08B66}.Debug|Any CPU.Build.0 = Debug|Any CPU
		{11B80CBC-18FF-4D4E-B8E4-67127AE08B66}.Debug|x64.ActiveCfg = Debug|Any CPU
		{11B80CBC-18FF-4D4E-B8E4-67127AE08B66}.Debug|x64.Build.0 = Debug|Any CPU
		{11B80CBC-18FF-4D4E-B8E4-67127AE08B66}.Debug|x86.ActiveCfg = Debug|Any CPU
		{11B80CBC-18FF-4D4E-B8E4-67127AE08B66}.Debug|x86.Build.0 = Debug|Any CPU
		{11B80CBC-18FF-4D4E-B8E4-67127AE08B66}.Release|Any CPU.ActiveCfg = Release|Any CPU
		{11B80CBC-18FF-4D4E-B8E4-67127AE08B66}.Release|Any CPU.Build.0 = Release|Any CPU
		{11B80CBC-18FF-4D4E-B8E4-67127AE08B66}.Release|x64.ActiveCfg = Release|Any CPU
		{11B80CBC-18FF-4D4E-B8E4-67127AE08B66}.Release|x64.Build.0 = Release|Any CPU
		{11B80CBC-18FF-4D4E-B8E4-67127AE08B66}.Release|x86.ActiveCfg = Release|Any CPU
		{11B80CBC-18FF-4D4E-B8E4-67127AE08B66}.Release|x86.Build.0 = Release|Any CPU
		{E7DD3A9A-54DB-4FAF-9100-E375C5A931ED}.Debug|Any CPU.ActiveCfg = Debug|Any CPU
		{E7DD3A9A-54DB-4FAF-9100-E375C5A931ED}.Debug|Any CPU.Build.0 = Debug|Any CPU
		{E7DD3A9A-54DB-4FAF-9100-E375C5A931ED}.Debug|x64.ActiveCfg = Debug|Any CPU
		{E7DD3A9A-54DB-4FAF-9100-E375C5A931ED}.Debug|x64.Build.0 = Debug|Any CPU
		{E7DD3A9A-54DB-4FAF-9100-E375C5A931ED}.Debug|x86.ActiveCfg = Debug|Any CPU
		{E7DD3A9A-54DB-4FAF-9100-E375C5A931ED}.Debug|x86.Build.0 = Debug|Any CPU
		{E7DD3A9A-54DB-4FAF-9100-E375C5A931ED}.Release|Any CPU.ActiveCfg = Release|Any CPU
		{E7DD3A9A-54DB-4FAF-9100-E375C5A931ED}.Release|Any CPU.Build.0 = Release|Any CPU
		{E7DD3A9A-54DB-4FAF-9100-E375C5A931ED}.Release|x64.ActiveCfg = Release|Any CPU
		{E7DD3A9A-54DB-4FAF-9100-E375C5A931ED}.Release|x64.Build.0 = Release|Any CPU
		{E7DD3A9A-54DB-4FAF-9100-E375C5A931ED}.Release|x86.ActiveCfg = Release|Any CPU
		{E7DD3A9A-54DB-4FAF-9100-E375C5A931ED}.Release|x86.Build.0 = Release|Any CPU
		{74318794-78E2-4897-83CF-6921B1DDAF18}.Debug|Any CPU.ActiveCfg = Debug|Any CPU
		{74318794-78E2-4897-83CF-6921B1DDAF18}.Debug|Any CPU.Build.0 = Debug|Any CPU
		{74318794-78E2-4897-83CF-6921B1DDAF18}.Debug|x64.ActiveCfg = Debug|Any CPU
		{74318794-78E2-4897-83CF-6921B1DDAF18}.Debug|x64.Build.0 = Debug|Any CPU
		{74318794-78E2-4897-83CF-6921B1DDAF18}.Debug|x86.ActiveCfg = Debug|Any CPU
		{74318794-78E2-4897-83CF-6921B1DDAF18}.Debug|x86.Build.0 = Debug|Any CPU
		{74318794-78E2-4897-83CF-6921B1DDAF18}.Release|Any CPU.ActiveCfg = Release|Any CPU
		{74318794-78E2-4897-83CF-6921B1DDAF18}.Release|Any CPU.Build.0 = Release|Any CPU
		{74318794-78E2-4897-83CF-6921B1DDAF18}.Release|x64.ActiveCfg = Release|Any CPU
		{74318794-78E2-4897-83CF-6921B1DDAF18}.Release|x64.Build.0 = Release|Any CPU
		{74318794-78E2-4897-83CF-6921B1DDAF18}.Release|x86.ActiveCfg = Release|Any CPU
		{74318794-78E2-4897-83CF-6921B1DDAF18}.Release|x86.Build.0 = Release|Any CPU
		{9B76E9E1-4A80-4C1F-8DA6-F0B7175695AE}.Debug|Any CPU.ActiveCfg = Debug|Any CPU
		{9B76E9E1-4A80-4C1F-8DA6-F0B7175695AE}.Debug|Any CPU.Build.0 = Debug|Any CPU
		{9B76E9E1-4A80-4C1F-8DA6-F0B7175695AE}.Debug|x64.ActiveCfg = Debug|Any CPU
		{9B76E9E1-4A80-4C1F-8DA6-F0B7175695AE}.Debug|x64.Build.0 = Debug|Any CPU
		{9B76E9E1-4A80-4C1F-8DA6-F0B7175695AE}.Debug|x86.ActiveCfg = Debug|Any CPU
		{9B76E9E1-4A80-4C1F-8DA6-F0B7175695AE}.Debug|x86.Build.0 = Debug|Any CPU
		{9B76E9E1-4A80-4C1F-8DA6-F0B7175695AE}.Release|Any CPU.ActiveCfg = Release|Any CPU
		{9B76E9E1-4A80-4C1F-8DA6-F0B7175695AE}.Release|Any CPU.Build.0 = Release|Any CPU
		{9B76E9E1-4A80-4C1F-8DA6-F0B7175695AE}.Release|x64.ActiveCfg = Release|Any CPU
		{9B76E9E1-4A80-4C1F-8DA6-F0B7175695AE}.Release|x64.Build.0 = Release|Any CPU
		{9B76E9E1-4A80-4C1F-8DA6-F0B7175695AE}.Release|x86.ActiveCfg = Release|Any CPU
		{9B76E9E1-4A80-4C1F-8DA6-F0B7175695AE}.Release|x86.Build.0 = Release|Any CPU
		{9F3B7902-1F6A-4CB7-9375-896C408DDBF5}.Debug|Any CPU.ActiveCfg = Debug|Any CPU
		{9F3B7902-1F6A-4CB7-9375-896C408DDBF5}.Debug|Any CPU.Build.0 = Debug|Any CPU
		{9F3B7902-1F6A-4CB7-9375-896C408DDBF5}.Debug|x64.ActiveCfg = Debug|Any CPU
		{9F3B7902-1F6A-4CB7-9375-896C408DDBF5}.Debug|x64.Build.0 = Debug|Any CPU
		{9F3B7902-1F6A-4CB7-9375-896C408DDBF5}.Debug|x86.ActiveCfg = Debug|Any CPU
		{9F3B7902-1F6A-4CB7-9375-896C408DDBF5}.Debug|x86.Build.0 = Debug|Any CPU
		{9F3B7902-1F6A-4CB7-9375-896C408DDBF5}.Release|Any CPU.ActiveCfg = Release|Any CPU
		{9F3B7902-1F6A-4CB7-9375-896C408DDBF5}.Release|Any CPU.Build.0 = Release|Any CPU
		{9F3B7902-1F6A-4CB7-9375-896C408DDBF5}.Release|x64.ActiveCfg = Release|Any CPU
		{9F3B7902-1F6A-4CB7-9375-896C408DDBF5}.Release|x64.Build.0 = Release|Any CPU
		{9F3B7902-1F6A-4CB7-9375-896C408DDBF5}.Release|x86.ActiveCfg = Release|Any CPU
		{9F3B7902-1F6A-4CB7-9375-896C408DDBF5}.Release|x86.Build.0 = Release|Any CPU
		{1F92ED2C-06EF-4D59-86EA-FCBE5673E52A}.Debug|Any CPU.ActiveCfg = Debug|Any CPU
		{1F92ED2C-06EF-4D59-86EA-FCBE5673E52A}.Debug|Any CPU.Build.0 = Debug|Any CPU
		{1F92ED2C-06EF-4D59-86EA-FCBE5673E52A}.Debug|x64.ActiveCfg = Debug|Any CPU
		{1F92ED2C-06EF-4D59-86EA-FCBE5673E52A}.Debug|x64.Build.0 = Debug|Any CPU
		{1F92ED2C-06EF-4D59-86EA-FCBE5673E52A}.Debug|x86.ActiveCfg = Debug|Any CPU
		{1F92ED2C-06EF-4D59-86EA-FCBE5673E52A}.Debug|x86.Build.0 = Debug|Any CPU
		{1F92ED2C-06EF-4D59-86EA-FCBE5673E52A}.Release|Any CPU.ActiveCfg = Release|Any CPU
		{1F92ED2C-06EF-4D59-86EA-FCBE5673E52A}.Release|Any CPU.Build.0 = Release|Any CPU
		{1F92ED2C-06EF-4D59-86EA-FCBE5673E52A}.Release|x64.ActiveCfg = Release|Any CPU
		{1F92ED2C-06EF-4D59-86EA-FCBE5673E52A}.Release|x64.Build.0 = Release|Any CPU
		{1F92ED2C-06EF-4D59-86EA-FCBE5673E52A}.Release|x86.ActiveCfg = Release|Any CPU
		{1F92ED2C-06EF-4D59-86EA-FCBE5673E52A}.Release|x86.Build.0 = Release|Any CPU
		{762A5E61-149D-4850-8008-F7EAC15DDD55}.Debug|Any CPU.ActiveCfg = Debug|Any CPU
		{762A5E61-149D-4850-8008-F7EAC15DDD55}.Debug|Any CPU.Build.0 = Debug|Any CPU
		{762A5E61-149D-4850-8008-F7EAC15DDD55}.Debug|x64.ActiveCfg = Debug|Any CPU
		{762A5E61-149D-4850-8008-F7EAC15DDD55}.Debug|x64.Build.0 = Debug|Any CPU
		{762A5E61-149D-4850-8008-F7EAC15DDD55}.Debug|x86.ActiveCfg = Debug|Any CPU
		{762A5E61-149D-4850-8008-F7EAC15DDD55}.Debug|x86.Build.0 = Debug|Any CPU
		{762A5E61-149D-4850-8008-F7EAC15DDD55}.Release|Any CPU.ActiveCfg = Release|Any CPU
		{762A5E61-149D-4850-8008-F7EAC15DDD55}.Release|Any CPU.Build.0 = Release|Any CPU
		{762A5E61-149D-4850-8008-F7EAC15DDD55}.Release|x64.ActiveCfg = Release|Any CPU
		{762A5E61-149D-4850-8008-F7EAC15DDD55}.Release|x64.Build.0 = Release|Any CPU
		{762A5E61-149D-4850-8008-F7EAC15DDD55}.Release|x86.ActiveCfg = Release|Any CPU
		{762A5E61-149D-4850-8008-F7EAC15DDD55}.Release|x86.Build.0 = Release|Any CPU
		{69B244F5-0015-45A5-B45E-5E7CBB39E56B}.Debug|Any CPU.ActiveCfg = Debug|Any CPU
		{69B244F5-0015-45A5-B45E-5E7CBB39E56B}.Debug|Any CPU.Build.0 = Debug|Any CPU
		{69B244F5-0015-45A5-B45E-5E7CBB39E56B}.Debug|x64.ActiveCfg = Debug|Any CPU
		{69B244F5-0015-45A5-B45E-5E7CBB39E56B}.Debug|x64.Build.0 = Debug|Any CPU
		{69B244F5-0015-45A5-B45E-5E7CBB39E56B}.Debug|x86.ActiveCfg = Debug|Any CPU
		{69B244F5-0015-45A5-B45E-5E7CBB39E56B}.Debug|x86.Build.0 = Debug|Any CPU
		{69B244F5-0015-45A5-B45E-5E7CBB39E56B}.Release|Any CPU.ActiveCfg = Release|Any CPU
		{69B244F5-0015-45A5-B45E-5E7CBB39E56B}.Release|Any CPU.Build.0 = Release|Any CPU
		{69B244F5-0015-45A5-B45E-5E7CBB39E56B}.Release|x64.ActiveCfg = Release|Any CPU
		{69B244F5-0015-45A5-B45E-5E7CBB39E56B}.Release|x64.Build.0 = Release|Any CPU
		{69B244F5-0015-45A5-B45E-5E7CBB39E56B}.Release|x86.ActiveCfg = Release|Any CPU
		{69B244F5-0015-45A5-B45E-5E7CBB39E56B}.Release|x86.Build.0 = Release|Any CPU
		{39183D3F-FC6B-4878-BF1A-47F6A91EF414}.Debug|Any CPU.ActiveCfg = Debug|Any CPU
		{39183D3F-FC6B-4878-BF1A-47F6A91EF414}.Debug|Any CPU.Build.0 = Debug|Any CPU
		{39183D3F-FC6B-4878-BF1A-47F6A91EF414}.Debug|x64.ActiveCfg = Debug|Any CPU
		{39183D3F-FC6B-4878-BF1A-47F6A91EF414}.Debug|x64.Build.0 = Debug|Any CPU
		{39183D3F-FC6B-4878-BF1A-47F6A91EF414}.Debug|x86.ActiveCfg = Debug|Any CPU
		{39183D3F-FC6B-4878-BF1A-47F6A91EF414}.Debug|x86.Build.0 = Debug|Any CPU
		{39183D3F-FC6B-4878-BF1A-47F6A91EF414}.Release|Any CPU.ActiveCfg = Release|Any CPU
		{39183D3F-FC6B-4878-BF1A-47F6A91EF414}.Release|Any CPU.Build.0 = Release|Any CPU
		{39183D3F-FC6B-4878-BF1A-47F6A91EF414}.Release|x64.ActiveCfg = Release|Any CPU
		{39183D3F-FC6B-4878-BF1A-47F6A91EF414}.Release|x64.Build.0 = Release|Any CPU
		{39183D3F-FC6B-4878-BF1A-47F6A91EF414}.Release|x86.ActiveCfg = Release|Any CPU
		{39183D3F-FC6B-4878-BF1A-47F6A91EF414}.Release|x86.Build.0 = Release|Any CPU
		{B1277F4F-C8CE-4181-B408-068B9C7B74BC}.Debug|Any CPU.ActiveCfg = Debug|Any CPU
		{B1277F4F-C8CE-4181-B408-068B9C7B74BC}.Debug|Any CPU.Build.0 = Debug|Any CPU
		{B1277F4F-C8CE-4181-B408-068B9C7B74BC}.Debug|x64.ActiveCfg = Debug|Any CPU
		{B1277F4F-C8CE-4181-B408-068B9C7B74BC}.Debug|x64.Build.0 = Debug|Any CPU
		{B1277F4F-C8CE-4181-B408-068B9C7B74BC}.Debug|x86.ActiveCfg = Debug|Any CPU
		{B1277F4F-C8CE-4181-B408-068B9C7B74BC}.Debug|x86.Build.0 = Debug|Any CPU
		{B1277F4F-C8CE-4181-B408-068B9C7B74BC}.Release|Any CPU.ActiveCfg = Release|Any CPU
		{B1277F4F-C8CE-4181-B408-068B9C7B74BC}.Release|Any CPU.Build.0 = Release|Any CPU
		{B1277F4F-C8CE-4181-B408-068B9C7B74BC}.Release|x64.ActiveCfg = Release|Any CPU
		{B1277F4F-C8CE-4181-B408-068B9C7B74BC}.Release|x64.Build.0 = Release|Any CPU
		{B1277F4F-C8CE-4181-B408-068B9C7B74BC}.Release|x86.ActiveCfg = Release|Any CPU
		{B1277F4F-C8CE-4181-B408-068B9C7B74BC}.Release|x86.Build.0 = Release|Any CPU
		{A5408948-BF20-4860-A6C6-DD39CAA053FF}.Debug|Any CPU.ActiveCfg = Debug|Any CPU
		{A5408948-BF20-4860-A6C6-DD39CAA053FF}.Debug|Any CPU.Build.0 = Debug|Any CPU
		{A5408948-BF20-4860-A6C6-DD39CAA053FF}.Debug|x64.ActiveCfg = Debug|Any CPU
		{A5408948-BF20-4860-A6C6-DD39CAA053FF}.Debug|x64.Build.0 = Debug|Any CPU
		{A5408948-BF20-4860-A6C6-DD39CAA053FF}.Debug|x86.ActiveCfg = Debug|Any CPU
		{A5408948-BF20-4860-A6C6-DD39CAA053FF}.Debug|x86.Build.0 = Debug|Any CPU
		{A5408948-BF20-4860-A6C6-DD39CAA053FF}.Release|Any CPU.ActiveCfg = Release|Any CPU
		{A5408948-BF20-4860-A6C6-DD39CAA053FF}.Release|Any CPU.Build.0 = Release|Any CPU
		{A5408948-BF20-4860-A6C6-DD39CAA053FF}.Release|x64.ActiveCfg = Release|Any CPU
		{A5408948-BF20-4860-A6C6-DD39CAA053FF}.Release|x64.Build.0 = Release|Any CPU
		{A5408948-BF20-4860-A6C6-DD39CAA053FF}.Release|x86.ActiveCfg = Release|Any CPU
		{A5408948-BF20-4860-A6C6-DD39CAA053FF}.Release|x86.Build.0 = Release|Any CPU
		{EB59F23F-B673-44B4-986F-E4611893C0CA}.Debug|Any CPU.ActiveCfg = Debug|Any CPU
		{EB59F23F-B673-44B4-986F-E4611893C0CA}.Debug|Any CPU.Build.0 = Debug|Any CPU
		{EB59F23F-B673-44B4-986F-E4611893C0CA}.Debug|x64.ActiveCfg = Debug|Any CPU
		{EB59F23F-B673-44B4-986F-E4611893C0CA}.Debug|x64.Build.0 = Debug|Any CPU
		{EB59F23F-B673-44B4-986F-E4611893C0CA}.Debug|x86.ActiveCfg = Debug|Any CPU
		{EB59F23F-B673-44B4-986F-E4611893C0CA}.Debug|x86.Build.0 = Debug|Any CPU
		{EB59F23F-B673-44B4-986F-E4611893C0CA}.Release|Any CPU.ActiveCfg = Release|Any CPU
		{EB59F23F-B673-44B4-986F-E4611893C0CA}.Release|Any CPU.Build.0 = Release|Any CPU
		{EB59F23F-B673-44B4-986F-E4611893C0CA}.Release|x64.ActiveCfg = Release|Any CPU
		{EB59F23F-B673-44B4-986F-E4611893C0CA}.Release|x64.Build.0 = Release|Any CPU
		{EB59F23F-B673-44B4-986F-E4611893C0CA}.Release|x86.ActiveCfg = Release|Any CPU
		{EB59F23F-B673-44B4-986F-E4611893C0CA}.Release|x86.Build.0 = Release|Any CPU
		{BD40CA0A-097E-4F9E-A889-009ED9DB802E}.Debug|Any CPU.ActiveCfg = Debug|Any CPU
		{BD40CA0A-097E-4F9E-A889-009ED9DB802E}.Debug|Any CPU.Build.0 = Debug|Any CPU
		{BD40CA0A-097E-4F9E-A889-009ED9DB802E}.Debug|x64.ActiveCfg = Debug|Any CPU
		{BD40CA0A-097E-4F9E-A889-009ED9DB802E}.Debug|x64.Build.0 = Debug|Any CPU
		{BD40CA0A-097E-4F9E-A889-009ED9DB802E}.Debug|x86.ActiveCfg = Debug|Any CPU
		{BD40CA0A-097E-4F9E-A889-009ED9DB802E}.Debug|x86.Build.0 = Debug|Any CPU
		{BD40CA0A-097E-4F9E-A889-009ED9DB802E}.Release|Any CPU.ActiveCfg = Release|Any CPU
		{BD40CA0A-097E-4F9E-A889-009ED9DB802E}.Release|Any CPU.Build.0 = Release|Any CPU
		{BD40CA0A-097E-4F9E-A889-009ED9DB802E}.Release|x64.ActiveCfg = Release|Any CPU
		{BD40CA0A-097E-4F9E-A889-009ED9DB802E}.Release|x64.Build.0 = Release|Any CPU
		{BD40CA0A-097E-4F9E-A889-009ED9DB802E}.Release|x86.ActiveCfg = Release|Any CPU
		{BD40CA0A-097E-4F9E-A889-009ED9DB802E}.Release|x86.Build.0 = Release|Any CPU
		{5C10D875-8106-4415-9EAA-C908202A853F}.Debug|Any CPU.ActiveCfg = Debug|Any CPU
		{5C10D875-8106-4415-9EAA-C908202A853F}.Debug|Any CPU.Build.0 = Debug|Any CPU
		{5C10D875-8106-4415-9EAA-C908202A853F}.Debug|x64.ActiveCfg = Debug|Any CPU
		{5C10D875-8106-4415-9EAA-C908202A853F}.Debug|x64.Build.0 = Debug|Any CPU
		{5C10D875-8106-4415-9EAA-C908202A853F}.Debug|x86.ActiveCfg = Debug|Any CPU
		{5C10D875-8106-4415-9EAA-C908202A853F}.Debug|x86.Build.0 = Debug|Any CPU
		{5C10D875-8106-4415-9EAA-C908202A853F}.Release|Any CPU.ActiveCfg = Release|Any CPU
		{5C10D875-8106-4415-9EAA-C908202A853F}.Release|Any CPU.Build.0 = Release|Any CPU
		{5C10D875-8106-4415-9EAA-C908202A853F}.Release|x64.ActiveCfg = Release|Any CPU
		{5C10D875-8106-4415-9EAA-C908202A853F}.Release|x64.Build.0 = Release|Any CPU
		{5C10D875-8106-4415-9EAA-C908202A853F}.Release|x86.ActiveCfg = Release|Any CPU
		{5C10D875-8106-4415-9EAA-C908202A853F}.Release|x86.Build.0 = Release|Any CPU
		{60BF83DB-E00D-43A5-8A6F-4A0BDAD1F24D}.Debug|Any CPU.ActiveCfg = Debug|Any CPU
		{60BF83DB-E00D-43A5-8A6F-4A0BDAD1F24D}.Debug|Any CPU.Build.0 = Debug|Any CPU
		{60BF83DB-E00D-43A5-8A6F-4A0BDAD1F24D}.Debug|x64.ActiveCfg = Debug|Any CPU
		{60BF83DB-E00D-43A5-8A6F-4A0BDAD1F24D}.Debug|x64.Build.0 = Debug|Any CPU
		{60BF83DB-E00D-43A5-8A6F-4A0BDAD1F24D}.Debug|x86.ActiveCfg = Debug|Any CPU
		{60BF83DB-E00D-43A5-8A6F-4A0BDAD1F24D}.Debug|x86.Build.0 = Debug|Any CPU
		{60BF83DB-E00D-43A5-8A6F-4A0BDAD1F24D}.Release|Any CPU.ActiveCfg = Release|Any CPU
		{60BF83DB-E00D-43A5-8A6F-4A0BDAD1F24D}.Release|Any CPU.Build.0 = Release|Any CPU
		{60BF83DB-E00D-43A5-8A6F-4A0BDAD1F24D}.Release|x64.ActiveCfg = Release|Any CPU
		{60BF83DB-E00D-43A5-8A6F-4A0BDAD1F24D}.Release|x64.Build.0 = Release|Any CPU
		{60BF83DB-E00D-43A5-8A6F-4A0BDAD1F24D}.Release|x86.ActiveCfg = Release|Any CPU
		{60BF83DB-E00D-43A5-8A6F-4A0BDAD1F24D}.Release|x86.Build.0 = Release|Any CPU
	EndGlobalSection
	GlobalSection(SolutionProperties) = preSolution
		HideSolutionNode = FALSE
	EndGlobalSection
	GlobalSection(NestedProjects) = preSolution
		{85548BC9-E85E-4166-BFEA-6FCA4E459A2A} = {FBF56CC3-7AE6-AD2D-3F14-7F97FD322CD6}
		{3EFE2394-DF35-47CC-B75C-EC17D03DD298} = {FBF56CC3-7AE6-AD2D-3F14-7F97FD322CD6}
		{C5C37AB9-D18E-48F3-BDE4-6E2B527B067D} = {FBF56CC3-7AE6-AD2D-3F14-7F97FD322CD6}
		{11B80CBC-18FF-4D4E-B8E4-67127AE08B66} = {916B61B3-312D-841D-1457-818AC0DB32BA}
		{E7DD3A9A-54DB-4FAF-9100-E375C5A931ED} = {9824AA2D-9169-1FBC-8A83-7227C72EA239}
		{74318794-78E2-4897-83CF-6921B1DDAF18} = {9824AA2D-9169-1FBC-8A83-7227C72EA239}
		{9B76E9E1-4A80-4C1F-8DA6-F0B7175695AE} = {9824AA2D-9169-1FBC-8A83-7227C72EA239}
		{9F3B7902-1F6A-4CB7-9375-896C408DDBF5} = {9824AA2D-9169-1FBC-8A83-7227C72EA239}
		{1F92ED2C-06EF-4D59-86EA-FCBE5673E52A} = {FF13A09E-0E72-1904-124B-A4E979EF28D3}
		{762A5E61-149D-4850-8008-F7EAC15DDD55} = {FF13A09E-0E72-1904-124B-A4E979EF28D3}
		{69B244F5-0015-45A5-B45E-5E7CBB39E56B} = {0AB3BF05-4346-4AA6-1389-037BE0695223}
		{39183D3F-FC6B-4878-BF1A-47F6A91EF414} = {0AB3BF05-4346-4AA6-1389-037BE0695223}
		{B1277F4F-C8CE-4181-B408-068B9C7B74BC} = {0AB3BF05-4346-4AA6-1389-037BE0695223}
		{A5408948-BF20-4860-A6C6-DD39CAA053FF} = {0AB3BF05-4346-4AA6-1389-037BE0695223}
		{EB59F23F-B673-44B4-986F-E4611893C0CA} = {66320409-64EC-F7C5-3DEF-65E7510DAAD1}
		{BD40CA0A-097E-4F9E-A889-009ED9DB802E} = {66320409-64EC-F7C5-3DEF-65E7510DAAD1}
		{5C10D875-8106-4415-9EAA-C908202A853F} = {5D20AA90-6969-D8BD-9DCD-8634F4692FDA}
		{60BF83DB-E00D-43A5-8A6F-4A0BDAD1F24D} = {916B61B3-312D-841D-1457-818AC0DB32BA}
	EndGlobalSection
	GlobalSection(ExtensibilityGlobals) = postSolution
		SolutionGuid = {E1AC9D5B-73E6-42C6-B97C-2CB826ACF2C6}
	EndGlobalSection
EndGlobal
